
Microsoft Visual Studio Solution File, Format Version 12.00
# Visual Studio Version 16
VisualStudioVersion = 16.0.28729.10
MinimumVisualStudioVersion = 10.0.40219.1
Project("{FAE04EC0-301F-11D3-BF4B-00C04F79EFBC}") = "webpage2", "webpage2\webpage2.csproj", "{EF8341A1-F9F1-4AC9-BDDE-56CAE0791B58}"
EndProject
Global
	GlobalSection(SolutionConfigurationPlatforms) = preSolution
		Debug|Any CPU = Debug|Any CPU
		Release|Any CPU = Release|Any CPU
	EndGlobalSection
	GlobalSection(ProjectConfigurationPlatforms) = postSolution
		{EF8341A1-F9F1-4AC9-BDDE-56CAE0791B58}.Debug|Any CPU.ActiveCfg = Debug|Any CPU
		{EF8341A1-F9F1-4AC9-BDDE-56CAE0791B58}.Debug|Any CPU.Build.0 = Debug|Any CPU
		{EF8341A1-F9F1-4AC9-BDDE-56CAE0791B58}.Release|Any CPU.ActiveCfg = Release|Any CPU
		{EF8341A1-F9F1-4AC9-BDDE-56CAE0791B58}.Release|Any CPU.Build.0 = Release|Any CPU
	EndGlobalSection
	GlobalSection(SolutionProperties) = preSolution
		HideSolutionNode = FALSE
	EndGlobalSection
	GlobalSection(ExtensibilityGlobals) = postSolution
		SolutionGuid = {F50A554A-86CE-4A4E-944C-9AC9885AE2B1}
	EndGlobalSection
EndGlobal
